<<<<<<< HEAD
﻿
Microsoft Visual Studio Solution File, Format Version 12.00
# Visual Studio Version 17
VisualStudioVersion = 17.7.34221.43
MinimumVisualStudioVersion = 10.0.40219.1
Project("{FAE04EC0-301F-11D3-BF4B-00C04F79EFBC}") = "MECANOGRAFIA", "MECANOGRAFIA.csproj", "{A60E61B5-78A0-4426-9EE5-50220C549E48}"
EndProject
Global
	GlobalSection(SolutionConfigurationPlatforms) = preSolution
		Debug|Any CPU = Debug|Any CPU
		Release|Any CPU = Release|Any CPU
	EndGlobalSection
	GlobalSection(ProjectConfigurationPlatforms) = postSolution
		{A60E61B5-78A0-4426-9EE5-50220C549E48}.Debug|Any CPU.ActiveCfg = Debug|Any CPU
		{A60E61B5-78A0-4426-9EE5-50220C549E48}.Debug|Any CPU.Build.0 = Debug|Any CPU
		{A60E61B5-78A0-4426-9EE5-50220C549E48}.Release|Any CPU.ActiveCfg = Release|Any CPU
		{A60E61B5-78A0-4426-9EE5-50220C549E48}.Release|Any CPU.Build.0 = Release|Any CPU
	EndGlobalSection
	GlobalSection(SolutionProperties) = preSolution
		HideSolutionNode = FALSE
	EndGlobalSection
	GlobalSection(ExtensibilityGlobals) = postSolution
		SolutionGuid = {D5431506-E908-4E20-B6A1-B4A74B77F212}
	EndGlobalSection
EndGlobal
=======
﻿
Microsoft Visual Studio Solution File, Format Version 12.00
# Visual Studio Version 17
VisualStudioVersion = 17.7.34221.43
MinimumVisualStudioVersion = 10.0.40219.1
Project("{FAE04EC0-301F-11D3-BF4B-00C04F79EFBC}") = "MECANOGRAFIA", "MECANOGRAFIA.csproj", "{A60E61B5-78A0-4426-9EE5-50220C549E48}"
EndProject
Global
	GlobalSection(SolutionConfigurationPlatforms) = preSolution
		Debug|Any CPU = Debug|Any CPU
		Release|Any CPU = Release|Any CPU
	EndGlobalSection
	GlobalSection(ProjectConfigurationPlatforms) = postSolution
		{A60E61B5-78A0-4426-9EE5-50220C549E48}.Debug|Any CPU.ActiveCfg = Debug|Any CPU
		{A60E61B5-78A0-4426-9EE5-50220C549E48}.Debug|Any CPU.Build.0 = Debug|Any CPU
		{A60E61B5-78A0-4426-9EE5-50220C549E48}.Release|Any CPU.ActiveCfg = Release|Any CPU
		{A60E61B5-78A0-4426-9EE5-50220C549E48}.Release|Any CPU.Build.0 = Release|Any CPU
	EndGlobalSection
	GlobalSection(SolutionProperties) = preSolution
		HideSolutionNode = FALSE
	EndGlobalSection
	GlobalSection(ExtensibilityGlobals) = postSolution
		SolutionGuid = {D5431506-E908-4E20-B6A1-B4A74B77F212}
	EndGlobalSection
EndGlobal
>>>>>>> Agregar archivos de proyecto.
